// !$*UTF8*$!
{
	archiveVersion = 1;
	classes = {
	};
	objectVersion = 55;
	objects = {

/* Begin PBXBuildFile section */
		566BCFDD28B5B3B100752CF0 /* AppDelegate.swift in Sources */ = {isa = PBXBuildFile; fileRef = 566BCFDC28B5B3B100752CF0 /* AppDelegate.swift */; };
		566BCFDF28B5B3B100752CF0 /* SceneDelegate.swift in Sources */ = {isa = PBXBuildFile; fileRef = 566BCFDE28B5B3B100752CF0 /* SceneDelegate.swift */; };
		566BCFE128B5B3B100752CF0 /* ViewController.swift in Sources */ = {isa = PBXBuildFile; fileRef = 566BCFE028B5B3B100752CF0 /* ViewController.swift */; };
		566BCFE428B5B3B100752CF0 /* Main.storyboard in Resources */ = {isa = PBXBuildFile; fileRef = 566BCFE228B5B3B100752CF0 /* Main.storyboard */; };
		566BCFE628B5B3B200752CF0 /* Assets.xcassets in Resources */ = {isa = PBXBuildFile; fileRef = 566BCFE528B5B3B200752CF0 /* Assets.xcassets */; };
		566BCFE928B5B3B200752CF0 /* LaunchScreen.storyboard in Resources */ = {isa = PBXBuildFile; fileRef = 566BCFE728B5B3B200752CF0 /* LaunchScreen.storyboard */; };
		566BCFF128B5B46600752CF0 /* CustomKeyboard.swift in Sources */ = {isa = PBXBuildFile; fileRef = 566BCFF028B5B46600752CF0 /* CustomKeyboard.swift */; };
		566BCFF328B5B4E100752CF0 /* CustomKeyboard.xib in Resources */ = {isa = PBXBuildFile; fileRef = 566BCFF228B5B4E100752CF0 /* CustomKeyboard.xib */; };
		566BCFF628B5B79B00752CF0 /* EmoticonCategoryCell.swift in Sources */ = {isa = PBXBuildFile; fileRef = 566BCFF428B5B79B00752CF0 /* EmoticonCategoryCell.swift */; };
		566BCFF728B5B79B00752CF0 /* EmoticonCategoryCell.xib in Resources */ = {isa = PBXBuildFile; fileRef = 566BCFF528B5B79B00752CF0 /* EmoticonCategoryCell.xib */; };
		566BCFFA28B5B82700752CF0 /* EmoticonCell.swift in Sources */ = {isa = PBXBuildFile; fileRef = 566BCFF828B5B82700752CF0 /* EmoticonCell.swift */; };
		566BCFFB28B5B82700752CF0 /* EmoticonCell.xib in Resources */ = {isa = PBXBuildFile; fileRef = 566BCFF928B5B82700752CF0 /* EmoticonCell.xib */; };
		566BCFFE28B5BA3F00752CF0 /* B003958408.jpeg in Resources */ = {isa = PBXBuildFile; fileRef = 566BCFFC28B5BA3F00752CF0 /* B003958408.jpeg */; };
		566BCFFF28B5BA3F00752CF0 /* ryan.jpeg in Resources */ = {isa = PBXBuildFile; fileRef = 566BCFFD28B5BA3F00752CF0 /* ryan.jpeg */; };
/* End PBXBuildFile section */

/* Begin PBXFileReference section */
		566BCFD928B5B3B100752CF0 /* CustomKeyoard.app */ = {isa = PBXFileReference; explicitFileType = wrapper.application; includeInIndex = 0; path = CustomKeyoard.app; sourceTree = BUILT_PRODUCTS_DIR; };
		566BCFDC28B5B3B100752CF0 /* AppDelegate.swift */ = {isa = PBXFileReference; lastKnownFileType = sourcecode.swift; path = AppDelegate.swift; sourceTree = "<group>"; };
		566BCFDE28B5B3B100752CF0 /* SceneDelegate.swift */ = {isa = PBXFileReference; lastKnownFileType = sourcecode.swift; path = SceneDelegate.swift; sourceTree = "<group>"; };
		566BCFE028B5B3B100752CF0 /* ViewController.swift */ = {isa = PBXFileReference; lastKnownFileType = sourcecode.swift; path = ViewController.swift; sourceTree = "<group>"; };
		566BCFE328B5B3B100752CF0 /* Base */ = {isa = PBXFileReference; lastKnownFileType = file.storyboard; name = Base; path = Base.lproj/Main.storyboard; sourceTree = "<group>"; };
		566BCFE528B5B3B200752CF0 /* Assets.xcassets */ = {isa = PBXFileReference; lastKnownFileType = folder.assetcatalog; path = Assets.xcassets; sourceTree = "<group>"; };
		566BCFE828B5B3B200752CF0 /* Base */ = {isa = PBXFileReference; lastKnownFileType = file.storyboard; name = Base; path = Base.lproj/LaunchScreen.storyboard; sourceTree = "<group>"; };
		566BCFEA28B5B3B200752CF0 /* Info.plist */ = {isa = PBXFileReference; lastKnownFileType = text.plist.xml; path = Info.plist; sourceTree = "<group>"; };
		566BCFF028B5B46600752CF0 /* CustomKeyboard.swift */ = {isa = PBXFileReference; lastKnownFileType = sourcecode.swift; path = CustomKeyboard.swift; sourceTree = "<group>"; };
		566BCFF228B5B4E100752CF0 /* CustomKeyboard.xib */ = {isa = PBXFileReference; lastKnownFileType = file.xib; path = CustomKeyboard.xib; sourceTree = "<group>"; };
		566BCFF428B5B79B00752CF0 /* EmoticonCategoryCell.swift */ = {isa = PBXFileReference; lastKnownFileType = sourcecode.swift; path = EmoticonCategoryCell.swift; sourceTree = "<group>"; };
		566BCFF528B5B79B00752CF0 /* EmoticonCategoryCell.xib */ = {isa = PBXFileReference; lastKnownFileType = file.xib; path = EmoticonCategoryCell.xib; sourceTree = "<group>"; };
		566BCFF828B5B82700752CF0 /* EmoticonCell.swift */ = {isa = PBXFileReference; lastKnownFileType = sourcecode.swift; path = EmoticonCell.swift; sourceTree = "<group>"; };
		566BCFF928B5B82700752CF0 /* EmoticonCell.xib */ = {isa = PBXFileReference; lastKnownFileType = file.xib; path = EmoticonCell.xib; sourceTree = "<group>"; };
		566BCFFC28B5BA3F00752CF0 /* B003958408.jpeg */ = {isa = PBXFileReference; lastKnownFileType = image.jpeg; path = B003958408.jpeg; sourceTree = "<group>"; };
		566BCFFD28B5BA3F00752CF0 /* ryan.jpeg */ = {isa = PBXFileReference; lastKnownFileType = image.jpeg; path = ryan.jpeg; sourceTree = "<group>"; };
/* End PBXFileReference section */

/* Begin PBXFrameworksBuildPhase section */
		566BCFD628B5B3B100752CF0 /* Frameworks */ = {
			isa = PBXFrameworksBuildPhase;
			buildActionMask = 2147483647;
			files = (
			);
			runOnlyForDeploymentPostprocessing = 0;
		};
/* End PBXFrameworksBuildPhase section */

/* Begin PBXGroup section */
		566BCFD028B5B3B100752CF0 = {
			isa = PBXGroup;
			children = (
				566BCFDB28B5B3B100752CF0 /* CustomKeyoard */,
				566BCFDA28B5B3B100752CF0 /* Products */,
			);
			sourceTree = "<group>";
		};
		566BCFDA28B5B3B100752CF0 /* Products */ = {
			isa = PBXGroup;
			children = (
				566BCFD928B5B3B100752CF0 /* CustomKeyoard.app */,
			);
			name = Products;
			sourceTree = "<group>";
		};
		566BCFDB28B5B3B100752CF0 /* CustomKeyoard */ = {
			isa = PBXGroup;
			children = (
				566BCFDC28B5B3B100752CF0 /* AppDelegate.swift */,
				566BCFDE28B5B3B100752CF0 /* SceneDelegate.swift */,
				566BCFE028B5B3B100752CF0 /* ViewController.swift */,
				566BCFE228B5B3B100752CF0 /* Main.storyboard */,
				566BCFE528B5B3B200752CF0 /* Assets.xcassets */,
				566BCFE728B5B3B200752CF0 /* LaunchScreen.storyboard */,
				566BCFEA28B5B3B200752CF0 /* Info.plist */,
				566BCFF028B5B46600752CF0 /* CustomKeyboard.swift */,
				566BCFF228B5B4E100752CF0 /* CustomKeyboard.xib */,
				566BCFF428B5B79B00752CF0 /* EmoticonCategoryCell.swift */,
				566BCFF828B5B82700752CF0 /* EmoticonCell.swift */,
				566BCFF928B5B82700752CF0 /* EmoticonCell.xib */,
				566BCFF528B5B79B00752CF0 /* EmoticonCategoryCell.xib */,
				566BCFFD28B5BA3F00752CF0 /* ryan.jpeg */,
				566BCFFC28B5BA3F00752CF0 /* B003958408.jpeg */,
			);
			path = CustomKeyoard;
			sourceTree = "<group>";
		};
/* End PBXGroup section */

/* Begin PBXNativeTarget section */
		566BCFD828B5B3B100752CF0 /* CustomKeyoard */ = {
			isa = PBXNativeTarget;
			buildConfigurationList = 566BCFED28B5B3B200752CF0 /* Build configuration list for PBXNativeTarget "CustomKeyoard" */;
			buildPhases = (
				566BCFD528B5B3B100752CF0 /* Sources */,
				566BCFD628B5B3B100752CF0 /* Frameworks */,
				566BCFD728B5B3B100752CF0 /* Resources */,
			);
			buildRules = (
			);
			dependencies = (
			);
			name = CustomKeyoard;
			productName = CustomKeyoard;
			productReference = 566BCFD928B5B3B100752CF0 /* CustomKeyoard.app */;
			productType = "com.apple.product-type.application";
		};
/* End PBXNativeTarget section */

/* Begin PBXProject section */
		566BCFD128B5B3B100752CF0 /* Project object */ = {
			isa = PBXProject;
			attributes = {
				BuildIndependentTargetsInParallel = 1;
				LastSwiftUpdateCheck = 1340;
				LastUpgradeCheck = 1340;
				TargetAttributes = {
					566BCFD828B5B3B100752CF0 = {
						CreatedOnToolsVersion = 13.4.1;
					};
				};
			};
			buildConfigurationList = 566BCFD428B5B3B100752CF0 /* Build configuration list for PBXProject "CustomKeyoard" */;
			compatibilityVersion = "Xcode 13.0";
			developmentRegion = en;
			hasScannedForEncodings = 0;
			knownRegions = (
				en,
				Base,
			);
			mainGroup = 566BCFD028B5B3B100752CF0;
			productRefGroup = 566BCFDA28B5B3B100752CF0 /* Products */;
			projectDirPath = "";
			projectRoot = "";
			targets = (
				566BCFD828B5B3B100752CF0 /* CustomKeyoard */,
			);
		};
/* End PBXProject section */

/* Begin PBXResourcesBuildPhase section */
		566BCFD728B5B3B100752CF0 /* Resources */ = {
			isa = PBXResourcesBuildPhase;
			buildActionMask = 2147483647;
			files = (
				566BCFE928B5B3B200752CF0 /* LaunchScreen.storyboard in Resources */,
				566BCFE628B5B3B200752CF0 /* Assets.xcassets in Resources */,
				566BCFFF28B5BA3F00752CF0 /* ryan.jpeg in Resources */,
				566BCFF728B5B79B00752CF0 /* EmoticonCategoryCell.xib in Resources */,
				566BCFFB28B5B82700752CF0 /* EmoticonCell.xib in Resources */,
				566BCFE428B5B3B100752CF0 /* Main.storyboard in Resources */,
				566BCFFE28B5BA3F00752CF0 /* B003958408.jpeg in Resources */,
				566BCFF328B5B4E100752CF0 /* CustomKeyboard.xib in Resources */,
			);
			runOnlyForDeploymentPostprocessing = 0;
		};
/* End PBXResourcesBuildPhase section */

/* Begin PBXSourcesBuildPhase section */
		566BCFD528B5B3B100752CF0 /* Sources */ = {
			isa = PBXSourcesBuildPhase;
			buildActionMask = 2147483647;
			files = (
				566BCFE128B5B3B100752CF0 /* ViewController.swift in Sources */,
				566BCFF628B5B79B00752CF0 /* EmoticonCategoryCell.swift in Sources */,
				566BCFDD28B5B3B100752CF0 /* AppDelegate.swift in Sources */,
				566BCFFA28B5B82700752CF0 /* EmoticonCell.swift in Sources */,
				566BCFDF28B5B3B100752CF0 /* SceneDelegate.swift in Sources */,
				566BCFF128B5B46600752CF0 /* CustomKeyboard.swift in Sources */,
			);
			runOnlyForDeploymentPostprocessing = 0;
		};
/* End PBXSourcesBuildPhase section */

/* Begin PBXVariantGroup section */
		566BCFE228B5B3B100752CF0 /* Main.storyboard */ = {
			isa = PBXVariantGroup;
			children = (
				566BCFE328B5B3B100752CF0 /* Base */,
			);
			name = Main.storyboard;
			sourceTree = "<group>";
		};
		566BCFE728B5B3B200752CF0 /* LaunchScreen.storyboard */ = {
			isa = PBXVariantGroup;
			children = (
				566BCFE828B5B3B200752CF0 /* Base */,
			);
			name = LaunchScreen.storyboard;
			sourceTree = "<group>";
		};
/* End PBXVariantGroup section */

/* Begin XCBuildConfiguration section */
		566BCFEB28B5B3B200752CF0 /* Debug */ = {
			isa = XCBuildConfiguration;
			buildSettings = {
				ALWAYS_SEARCH_USER_PATHS = NO;
				CLANG_ANALYZER_NONNULL = YES;
				CLANG_ANALYZER_NUMBER_OBJECT_CONVERSION = YES_AGGRESSIVE;
				CLANG_CXX_LANGUAGE_STANDARD = "gnu++17";
				CLANG_ENABLE_MODULES = YES;
				CLANG_ENABLE_OBJC_ARC = YES;
				CLANG_ENABLE_OBJC_WEAK = YES;
				CLANG_WARN_BLOCK_CAPTURE_AUTORELEASING = YES;
				CLANG_WARN_BOOL_CONVERSION = YES;
				CLANG_WARN_COMMA = YES;
				CLANG_WARN_CONSTANT_CONVERSION = YES;
				CLANG_WARN_DEPRECATED_OBJC_IMPLEMENTATIONS = YES;
				CLANG_WARN_DIRECT_OBJC_ISA_USAGE = YES_ERROR;
				CLANG_WARN_DOCUMENTATION_COMMENTS = YES;
				CLANG_WARN_EMPTY_BODY = YES;
				CLANG_WARN_ENUM_CONVERSION = YES;
				CLANG_WARN_INFINITE_RECURSION = YES;
				CLANG_WARN_INT_CONVERSION = YES;
				CLANG_WARN_NON_LITERAL_NULL_CONVERSION = YES;
				CLANG_WARN_OBJC_IMPLICIT_RETAIN_SELF = YES;
				CLANG_WARN_OBJC_LITERAL_CONVERSION = YES;
				CLANG_WARN_OBJC_ROOT_CLASS = YES_ERROR;
				CLANG_WARN_QUOTED_INCLUDE_IN_FRAMEWORK_HEADER = YES;
				CLANG_WARN_RANGE_LOOP_ANALYSIS = YES;
				CLANG_WARN_STRICT_PROTOTYPES = YES;
				CLANG_WARN_SUSPICIOUS_MOVE = YES;
				CLANG_WARN_UNGUARDED_AVAILABILITY = YES_AGGRESSIVE;
				CLANG_WARN_UNREACHABLE_CODE = YES;
				CLANG_WARN__DUPLICATE_METHOD_MATCH = YES;
				COPY_PHASE_STRIP = NO;
				DEBUG_INFORMATION_FORMAT = dwarf;
				ENABLE_STRICT_OBJC_MSGSEND = YES;
				ENABLE_TESTABILITY = YES;
				GCC_C_LANGUAGE_STANDARD = gnu11;
				GCC_DYNAMIC_NO_PIC = NO;
				GCC_NO_COMMON_BLOCKS = YES;
				GCC_OPTIMIZATION_LEVEL = 0;
				GCC_PREPROCESSOR_DEFINITIONS = (
					"DEBUG=1",
					"$(inherited)",
				);
				GCC_WARN_64_TO_32_BIT_CONVERSION = YES;
				GCC_WARN_ABOUT_RETURN_TYPE = YES_ERROR;
				GCC_WARN_UNDECLARED_SELECTOR = YES;
				GCC_WARN_UNINITIALIZED_AUTOS = YES_AGGRESSIVE;
				GCC_WARN_UNUSED_FUNCTION = YES;
				GCC_WARN_UNUSED_VARIABLE = YES;
				IPHONEOS_DEPLOYMENT_TARGET = 15.5;
				MTL_ENABLE_DEBUG_INFO = INCLUDE_SOURCE;
				MTL_FAST_MATH = YES;
				ONLY_ACTIVE_ARCH = YES;
				SDKROOT = iphoneos;
				SWIFT_ACTIVE_COMPILATION_CONDITIONS = DEBUG;
				SWIFT_OPTIMIZATION_LEVEL = "-Onone";
			};
			name = Debug;
		};
		566BCFEC28B5B3B200752CF0 /* Release */ = {
			isa = XCBuildConfiguration;
			buildSettings = {
				ALWAYS_SEARCH_USER_PATHS = NO;
				CLANG_ANALYZER_NONNULL = YES;
				CLANG_ANALYZER_NUMBER_OBJECT_CONVERSION = YES_AGGRESSIVE;
				CLANG_CXX_LANGUAGE_STANDARD = "gnu++17";
				CLANG_ENABLE_MODULES = YES;
				CLANG_ENABLE_OBJC_ARC = YES;
				CLANG_ENABLE_OBJC_WEAK = YES;
				CLANG_WARN_BLOCK_CAPTURE_AUTORELEASING = YES;
				CLANG_WARN_BOOL_CONVERSION = YES;
				CLANG_WARN_COMMA = YES;
				CLANG_WARN_CONSTANT_CONVERSION = YES;
				CLANG_WARN_DEPRECATED_OBJC_IMPLEMENTATIONS = YES;
				CLANG_WARN_DIRECT_OBJC_ISA_USAGE = YES_ERROR;
				CLANG_WARN_DOCUMENTATION_COMMENTS = YES;
				CLANG_WARN_EMPTY_BODY = YES;
				CLANG_WARN_ENUM_CONVERSION = YES;
				CLANG_WARN_INFINITE_RECURSION = YES;
				CLANG_WARN_INT_CONVERSION = YES;
				CLANG_WARN_NON_LITERAL_NULL_CONVERSION = YES;
				CLANG_WARN_OBJC_IMPLICIT_RETAIN_SELF = YES;
				CLANG_WARN_OBJC_LITERAL_CONVERSION = YES;
				CLANG_WARN_OBJC_ROOT_CLASS = YES_ERROR;
				CLANG_WARN_QUOTED_INCLUDE_IN_FRAMEWORK_HEADER = YES;
				CLANG_WARN_RANGE_LOOP_ANALYSIS = YES;
				CLANG_WARN_STRICT_PROTOTYPES = YES;
				CLANG_WARN_SUSPICIOUS_MOVE = YES;
				CLANG_WARN_UNGUARDED_AVAILABILITY = YES_AGGRESSIVE;
				CLANG_WARN_UNREACHABLE_CODE = YES;
				CLANG_WARN__DUPLICATE_METHOD_MATCH = YES;
				COPY_PHASE_STRIP = NO;
				DEBUG_INFORMATION_FORMAT = "dwarf-with-dsym";
				ENABLE_NS_ASSERTIONS = NO;
				ENABLE_STRICT_OBJC_MSGSEND = YES;
				GCC_C_LANGUAGE_STANDARD = gnu11;
				GCC_NO_COMMON_BLOCKS = YES;
				GCC_WARN_64_TO_32_BIT_CONVERSION = YES;
				GCC_WARN_ABOUT_RETURN_TYPE = YES_ERROR;
				GCC_WARN_UNDECLARED_SELECTOR = YES;
				GCC_WARN_UNINITIALIZED_AUTOS = YES_AGGRESSIVE;
				GCC_WARN_UNUSED_FUNCTION = YES;
				GCC_WARN_UNUSED_VARIABLE = YES;
				IPHONEOS_DEPLOYMENT_TARGET = 15.5;
				MTL_ENABLE_DEBUG_INFO = NO;
				MTL_FAST_MATH = YES;
				SDKROOT = iphoneos;
				SWIFT_COMPILATION_MODE = wholemodule;
				SWIFT_OPTIMIZATION_LEVEL = "-O";
				VALIDATE_PRODUCT = YES;
			};
			name = Release;
		};
		566BCFEE28B5B3B200752CF0 /* Debug */ = {
			isa = XCBuildConfiguration;
			buildSettings = {
				ASSETCATALOG_COMPILER_APPICON_NAME = AppIcon;
				ASSETCATALOG_COMPILER_GLOBAL_ACCENT_COLOR_NAME = AccentColor;
				CODE_SIGN_STYLE = Automatic;
				CURRENT_PROJECT_VERSION = 1;
				DEVELOPMENT_TEAM = T2V49UT755;
				GENERATE_INFOPLIST_FILE = YES;
				INFOPLIST_FILE = CustomKeyoard/Info.plist;
				INFOPLIST_KEY_UIApplicationSupportsIndirectInputEvents = YES;
				INFOPLIST_KEY_UILaunchStoryboardName = LaunchScreen;
				INFOPLIST_KEY_UIMainStoryboardFile = Main;
				INFOPLIST_KEY_UISupportedInterfaceOrientations_iPad = "UIInterfaceOrientationPortrait UIInterfaceOrientationPortraitUpsideDown UIInterfaceOrientationLandscapeLeft UIInterfaceOrientationLandscapeRight";
				INFOPLIST_KEY_UISupportedInterfaceOrientations_iPhone = "UIInterfaceOrientationPortrait UIInterfaceOrientationLandscapeLeft UIInterfaceOrientationLandscapeRight";
				LD_RUNPATH_SEARCH_PATHS = (
					"$(inherited)",
					"@executable_path/Frameworks",
				);
				MARKETING_VERSION = 1.0;
				PRODUCT_BUNDLE_IDENTIFIER = com.pp.CustomKeyoard;
				PRODUCT_NAME = "$(TARGET_NAME)";
				SWIFT_EMIT_LOC_STRINGS = YES;
				SWIFT_VERSION = 5.0;
				TARGETED_DEVICE_FAMILY = "1,2";
			};
			name = Debug;
		};
		566BCFEF28B5B3B200752CF0 /* Release */ = {
			isa = XCBuildConfiguration;
			buildSettings = {
				ASSETCATALOG_COMPILER_APPICON_NAME = AppIcon;
				ASSETCATALOG_COMPILER_GLOBAL_ACCENT_COLOR_NAME = AccentColor;
				CODE_SIGN_STYLE = Automatic;
				CURRENT_PROJECT_VERSION = 1;
				DEVELOPMENT_TEAM = T2V49UT755;
				GENERATE_INFOPLIST_FILE = YES;
				INFOPLIST_FILE = CustomKeyoard/Info.plist;
				INFOPLIST_KEY_UIApplicationSupportsIndirectInputEvents = YES;
				INFOPLIST_KEY_UILaunchStoryboardName = LaunchScreen;
				INFOPLIST_KEY_UIMainStoryboardFile = Main;
				INFOPLIST_KEY_UISupportedInterfaceOrientations_iPad = "UIInterfaceOrientationPortrait UIInterfaceOrientationPortraitUpsideDown UIInterfaceOrientationLandscapeLeft UIInterfaceOrientationLandscapeRight";
				INFOPLIST_KEY_UISupportedInterfaceOrientations_iPhone = "UIInterfaceOrientationPortrait UIInterfaceOrientationLandscapeLeft UIInterfaceOrientationLandscapeRight";
				LD_RUNPATH_SEARCH_PATHS = (
					"$(inherited)",
					"@executable_path/Frameworks",
				);
				MARKETING_VERSION = 1.0;
				PRODUCT_BUNDLE_IDENTIFIER = com.pp.CustomKeyoard;
				PRODUCT_NAME = "$(TARGET_NAME)";
				SWIFT_EMIT_LOC_STRINGS = YES;
				SWIFT_VERSION = 5.0;
				TARGETED_DEVICE_FAMILY = "1,2";
			};
			name = Release;
		};
/* End XCBuildConfiguration section */

/* Begin XCConfigurationList section */
		566BCFD428B5B3B100752CF0 /* Build configuration list for PBXProject "CustomKeyoard" */ = {
			isa = XCConfigurationList;
			buildConfigurations = (
				566BCFEB28B5B3B200752CF0 /* Debug */,
				566BCFEC28B5B3B200752CF0 /* Release */,
			);
			defaultConfigurationIsVisible = 0;
			defaultConfigurationName = Release;
		};
		566BCFED28B5B3B200752CF0 /* Build configuration list for PBXNativeTarget "CustomKeyoard" */ = {
			isa = XCConfigurationList;
			buildConfigurations = (
				566BCFEE28B5B3B200752CF0 /* Debug */,
				566BCFEF28B5B3B200752CF0 /* Release */,
			);
			defaultConfigurationIsVisible = 0;
			defaultConfigurationName = Release;
		};
/* End XCConfigurationList section */
	};
	rootObject = 566BCFD128B5B3B100752CF0 /* Project object */;
}
